<?xml version="1.0" encoding="UTF-8" standalone="yes" ?>
<CodeBlocks_project_file>
	<FileVersion major="1" minor="6" />
	<Project>
		<Option title="Suncrafters" />
		<Option pch_mode="2" />
		<Option compiler="gcc" />
		<Build>
			<Target title="Debug">
				<Option output="Suncrafters" prefix_auto="1" extension_auto="1" />
				<Option object_output="bin\Debug\" />
				<Option type="1" />
				<Option compiler="gcc" />
				<Compiler>
					<Add option="-g" />
				</Compiler>
				<Linker>
					<Add library="OIS_d" />
					<Add library="OgreMain_d" />
				</Linker>
			</Target>
			<Target title="Release">
				<Option output="Suncrafters" prefix_auto="1" extension_auto="1" />
				<Option object_output="bin\Release\" />
				<Option type="1" />
				<Option compiler="gcc" />
				<Compiler>
					<Add option="-O2" />
				</Compiler>
				<Linker>
					<Add option="-s" />
					<Add library="OIS" />
					<Add library="OgreMain" />
				</Linker>
			</Target>
		</Build>
		<Compiler>
			<Add option="-Wall" />
			<Add directory="..\Ogre\include" />
			<Add directory="..\Ogre\include\OGRE" />
			<Add directory="..\Ogre\include\OIS" />
			<Add directory="..\Ogre\boost_1_44" />
		</Compiler>
		<Linker>
			<Add directory="..\Ogre\bin\$(TARGET_NAME)" />
			<Add directory="..\Ogre\bin" />
		</Linker>
		<Unit filename="code\BaseApplication.cpp" />
		<Unit filename="code\BaseApplication.h" />
		<Unit filename="code\Block.cpp" />
		<Unit filename="code\Block.h" />
		<Unit filename="code\Chunk.cpp" />
		<Unit filename="code\Chunk.h" />
		<Unit filename="code\InputListener.cpp" />
		<Unit filename="code\InputListener.h" />
		<Unit filename="code\KeyMgr.cpp" />
		<Unit filename="code\KeyMgr.h" />
		<Unit filename="code\Launcher.cpp" />
		<Unit filename="code\LevelManager.cpp" />
		<Unit filename="code\LevelManager.h" />
		<Unit filename="code\Main.cpp" />
		<Unit filename="code\Main.h" />
		<Unit filename="code\PathMgr.cpp" />
		<Unit filename="code\PathMgr.h" />
		<Unit filename="code\PlayerMgr.cpp" />
		<Unit filename="code\PlayerMgr.h" />
		<Unit filename="code\tinyXml\XmlMgr.cpp" />
		<Unit filename="code\tinyXml\XmlMgr.h" />
		<Unit filename="code\tinyXml\tinystr.cpp" />
		<Unit filename="code\tinyXml\tinystr.h" />
		<Unit filename="code\tinyXml\tinyxml.cpp" />
		<Unit filename="code\tinyXml\tinyxml.h" />
		<Unit filename="code\tinyXml\tinyxmlerror.cpp" />
		<Unit filename="code\tinyXml\tinyxmlparser.cpp" />
		<Extensions>
			<code_completion />
			<debugger />
		</Extensions>
	</Project>
</CodeBlocks_project_file>
